
Microsoft Visual Studio Solution File, Format Version 12.00
# Visual Studio 15
VisualStudioVersion = 15.0.28307.421
MinimumVisualStudioVersion = 10.0.40219.1
Project("{FAE04EC0-301F-11D3-BF4B-00C04F79EFBC}") = "ChatApp", "ChatApp\ChatApp.csproj", "{AADD207A-47DC-41BC-BFBA-A953434C1C77}"
EndProject
Global
	GlobalSection(SolutionConfigurationPlatforms) = preSolution
		Debug|Any CPU = Debug|Any CPU
		Release|Any CPU = Release|Any CPU
	EndGlobalSection
	GlobalSection(ProjectConfigurationPlatforms) = postSolution
		{AADD207A-47DC-41BC-BFBA-A953434C1C77}.Debug|Any CPU.ActiveCfg = Debug|Any CPU
		{AADD207A-47DC-41BC-BFBA-A953434C1C77}.Debug|Any CPU.Build.0 = Debug|Any CPU
		{AADD207A-47DC-41BC-BFBA-A953434C1C77}.Release|Any CPU.ActiveCfg = Release|Any CPU
		{AADD207A-47DC-41BC-BFBA-A953434C1C77}.Release|Any CPU.Build.0 = Release|Any CPU
	EndGlobalSection
	GlobalSection(SolutionProperties) = preSolution
		HideSolutionNode = FALSE
	EndGlobalSection
	GlobalSection(ExtensibilityGlobals) = postSolution
		SolutionGuid = {754390C5-79B8-474C-8738-45019E6E08CC}
	EndGlobalSection
EndGlobal
